{
  "name": "site3",
  "version": "1.0.0",
  "lockfileVersion": 1,
  "requires": true,
  "dependencies": {
    "@zionbuilder/animatejs": {
      "version": "1.0.3",
      "resolved": "https://registry.npmjs.org/@zionbuilder/animatejs/-/animatejs-1.0.3.tgz",
      "integrity": "sha512-rg+FdfedEoNhvzL6ncWLTn6asrjxzcO6/4MD1wxBS/9Y6RTjJ41ffFGQsngvVbZTbTvw5YJ9Tbd9vDxkyzgmqQ=="
    }
  }
}
